
Microsoft Visual Studio Solution File, Format Version 12.00
# Visual Studio Version 17
VisualStudioVersion = 17.10.34916.146
MinimumVisualStudioVersion = 10.0.40219.1
Project("{FAE04EC0-301F-11D3-BF4B-00C04F79EFBC}") = "BAL", "BAL\BAL.csproj", "{7449A2FD-2046-4A27-B38A-A8C6CDE44128}"
EndProject
Project("{FAE04EC0-301F-11D3-BF4B-00C04F79EFBC}") = "DAL", "DAL\DAL.csproj", "{CF3E52A5-B3A2-4CD8-A026-8D2CC2A5C2CD}"
EndProject
Project("{FAE04EC0-301F-11D3-BF4B-00C04F79EFBC}") = "PeerBE", "PeerBE\PeerBE.csproj", "{B5220E76-80B7-49E8-A1DC-93E2BF46C90D}"
EndProject
Global
	GlobalSection(SolutionConfigurationPlatforms) = preSolution
		Debug|Any CPU = Debug|Any CPU
		Release|Any CPU = Release|Any CPU
	EndGlobalSection
	GlobalSection(ProjectConfigurationPlatforms) = postSolution
		{7449A2FD-2046-4A27-B38A-A8C6CDE44128}.Debug|Any CPU.ActiveCfg = Debug|Any CPU
		{7449A2FD-2046-4A27-B38A-A8C6CDE44128}.Debug|Any CPU.Build.0 = Debug|Any CPU
		{7449A2FD-2046-4A27-B38A-A8C6CDE44128}.Release|Any CPU.ActiveCfg = Release|Any CPU
		{7449A2FD-2046-4A27-B38A-A8C6CDE44128}.Release|Any CPU.Build.0 = Release|Any CPU
		{CF3E52A5-B3A2-4CD8-A026-8D2CC2A5C2CD}.Debug|Any CPU.ActiveCfg = Debug|Any CPU
		{CF3E52A5-B3A2-4CD8-A026-8D2CC2A5C2CD}.Debug|Any CPU.Build.0 = Debug|Any CPU
		{CF3E52A5-B3A2-4CD8-A026-8D2CC2A5C2CD}.Release|Any CPU.ActiveCfg = Release|Any CPU
		{CF3E52A5-B3A2-4CD8-A026-8D2CC2A5C2CD}.Release|Any CPU.Build.0 = Release|Any CPU
		{B5220E76-80B7-49E8-A1DC-93E2BF46C90D}.Debug|Any CPU.ActiveCfg = Debug|Any CPU
		{B5220E76-80B7-49E8-A1DC-93E2BF46C90D}.Debug|Any CPU.Build.0 = Debug|Any CPU
		{B5220E76-80B7-49E8-A1DC-93E2BF46C90D}.Release|Any CPU.ActiveCfg = Release|Any CPU
		{B5220E76-80B7-49E8-A1DC-93E2BF46C90D}.Release|Any CPU.Build.0 = Release|Any CPU
	EndGlobalSection
	GlobalSection(SolutionProperties) = preSolution
		HideSolutionNode = FALSE
	EndGlobalSection
	GlobalSection(ExtensibilityGlobals) = postSolution
		SolutionGuid = {68EA5617-0247-4AA7-9055-605C9C32998D}
	EndGlobalSection
EndGlobal
